
Microsoft Visual Studio Solution File, Format Version 12.00
# Visual Studio Version 17
VisualStudioVersion = 17.2.32505.173
MinimumVisualStudioVersion = 10.0.40219.1
Project("{9A19103F-16F7-4668-BE54-9A1E7A4F7556}") = "Pr6", "Lesson6\Pr6.csproj", "{A072723A-2528-4D96-B19D-4D5BB5B51532}"
EndProject
Global
	GlobalSection(SolutionConfigurationPlatforms) = preSolution
		Debug|Any CPU = Debug|Any CPU
		Release|Any CPU = Release|Any CPU
	EndGlobalSection
	GlobalSection(ProjectConfigurationPlatforms) = postSolution
		{A072723A-2528-4D96-B19D-4D5BB5B51532}.Debug|Any CPU.ActiveCfg = Debug|Any CPU
		{A072723A-2528-4D96-B19D-4D5BB5B51532}.Debug|Any CPU.Build.0 = Debug|Any CPU
		{A072723A-2528-4D96-B19D-4D5BB5B51532}.Release|Any CPU.ActiveCfg = Release|Any CPU
		{A072723A-2528-4D96-B19D-4D5BB5B51532}.Release|Any CPU.Build.0 = Release|Any CPU
	EndGlobalSection
	GlobalSection(SolutionProperties) = preSolution
		HideSolutionNode = FALSE
	EndGlobalSection
	GlobalSection(ExtensibilityGlobals) = postSolution
		SolutionGuid = {C0DB7D64-4B72-461A-800A-E9096FE09A66}
	EndGlobalSection
EndGlobal
